
Microsoft Visual Studio Solution File, Format Version 12.00
# Visual Studio Version 17
VisualStudioVersion = 17.1.32319.34
MinimumVisualStudioVersion = 10.0.40219.1
Project("{9A19103F-16F7-4668-BE54-9A1E7A4F7556}") = "TPI-UNLAM-Backend.Web", "TPI-UNLAM-Backend.Web.csproj", "{7DF5F827-1FAA-4FC0-BC47-A45E9F9CEE36}"
EndProject
Project("{9A19103F-16F7-4668-BE54-9A1E7A4F7556}") = "TIP-UNLAM-Backend.Data", "..\TIP-UNLAM-Backend.Data\TIP-UNLAM-Backend.Data.csproj", "{74EEE7D2-A539-44C1-8251-B1371A2E43E7}"
EndProject
Project("{9A19103F-16F7-4668-BE54-9A1E7A4F7556}") = "TPI-UNLAM-Backend.Servicios", "..\TPI-UNLAM-Backend.Servicios\TPI-UNLAM-Backend.Servicios.csproj", "{F4F8F99E-CB5D-4190-8B48-CFF65D5E8501}"
EndProject
Project("{FAE04EC0-301F-11D3-BF4B-00C04F79EFBC}") = "TPI-UNLAM-Backend.Utils", "..\TPI-UNLAM-Backend.Utils\TPI-UNLAM-Backend.Utils.csproj", "{B53AF1E5-5E43-4634-B154-8F6DB3B13E97}"
EndProject
Global
	GlobalSection(SolutionConfigurationPlatforms) = preSolution
		Debug|Any CPU = Debug|Any CPU
		Release|Any CPU = Release|Any CPU
	EndGlobalSection
	GlobalSection(ProjectConfigurationPlatforms) = postSolution
		{7DF5F827-1FAA-4FC0-BC47-A45E9F9CEE36}.Debug|Any CPU.ActiveCfg = Debug|Any CPU
		{7DF5F827-1FAA-4FC0-BC47-A45E9F9CEE36}.Debug|Any CPU.Build.0 = Debug|Any CPU
		{7DF5F827-1FAA-4FC0-BC47-A45E9F9CEE36}.Release|Any CPU.ActiveCfg = Release|Any CPU
		{7DF5F827-1FAA-4FC0-BC47-A45E9F9CEE36}.Release|Any CPU.Build.0 = Release|Any CPU
		{74EEE7D2-A539-44C1-8251-B1371A2E43E7}.Debug|Any CPU.ActiveCfg = Debug|Any CPU
		{74EEE7D2-A539-44C1-8251-B1371A2E43E7}.Debug|Any CPU.Build.0 = Debug|Any CPU
		{74EEE7D2-A539-44C1-8251-B1371A2E43E7}.Release|Any CPU.ActiveCfg = Release|Any CPU
		{74EEE7D2-A539-44C1-8251-B1371A2E43E7}.Release|Any CPU.Build.0 = Release|Any CPU
		{F4F8F99E-CB5D-4190-8B48-CFF65D5E8501}.Debug|Any CPU.ActiveCfg = Debug|Any CPU
		{F4F8F99E-CB5D-4190-8B48-CFF65D5E8501}.Debug|Any CPU.Build.0 = Debug|Any CPU
		{F4F8F99E-CB5D-4190-8B48-CFF65D5E8501}.Release|Any CPU.ActiveCfg = Release|Any CPU
		{F4F8F99E-CB5D-4190-8B48-CFF65D5E8501}.Release|Any CPU.Build.0 = Release|Any CPU
		{B53AF1E5-5E43-4634-B154-8F6DB3B13E97}.Debug|Any CPU.ActiveCfg = Debug|Any CPU
		{B53AF1E5-5E43-4634-B154-8F6DB3B13E97}.Debug|Any CPU.Build.0 = Debug|Any CPU
		{B53AF1E5-5E43-4634-B154-8F6DB3B13E97}.Release|Any CPU.ActiveCfg = Release|Any CPU
		{B53AF1E5-5E43-4634-B154-8F6DB3B13E97}.Release|Any CPU.Build.0 = Release|Any CPU
	EndGlobalSection
	GlobalSection(SolutionProperties) = preSolution
		HideSolutionNode = FALSE
	EndGlobalSection
	GlobalSection(ExtensibilityGlobals) = postSolution
		SolutionGuid = {DD1E93FB-717C-42E5-9735-EB0D89E63A30}
	EndGlobalSection
EndGlobal
